
Microsoft Visual Studio Solution File, Format Version 12.00
# Visual Studio Version 16
VisualStudioVersion = 16.0.30711.63
MinimumVisualStudioVersion = 10.0.40219.1
Project("{FAE04EC0-301F-11D3-BF4B-00C04F79EFBC}") = "MPYouthHubMVP", "MPYouthHubMVP\MPYouthHubMVP.csproj", "{52E7360F-75FA-4665-8CDF-4DA52604D0E2}"
EndProject
Project("{FAE04EC0-301F-11D3-BF4B-00C04F79EFBC}") = "Domain", "Domain\Domain.csproj", "{64500620-46D3-4822-A735-1A9C8382E427}"
EndProject
Project("{FAE04EC0-301F-11D3-BF4B-00C04F79EFBC}") = "Application", "Application\Application.csproj", "{A3957CFD-30F4-44AB-943F-90058D637660}"
EndProject
Global
	GlobalSection(SolutionConfigurationPlatforms) = preSolution
		Debug|Any CPU = Debug|Any CPU
		Release|Any CPU = Release|Any CPU
	EndGlobalSection
	GlobalSection(ProjectConfigurationPlatforms) = postSolution
		{52E7360F-75FA-4665-8CDF-4DA52604D0E2}.Debug|Any CPU.ActiveCfg = Debug|Any CPU
		{52E7360F-75FA-4665-8CDF-4DA52604D0E2}.Debug|Any CPU.Build.0 = Debug|Any CPU
		{52E7360F-75FA-4665-8CDF-4DA52604D0E2}.Release|Any CPU.ActiveCfg = Release|Any CPU
		{52E7360F-75FA-4665-8CDF-4DA52604D0E2}.Release|Any CPU.Build.0 = Release|Any CPU
		{64500620-46D3-4822-A735-1A9C8382E427}.Debug|Any CPU.ActiveCfg = Debug|Any CPU
		{64500620-46D3-4822-A735-1A9C8382E427}.Debug|Any CPU.Build.0 = Debug|Any CPU
		{64500620-46D3-4822-A735-1A9C8382E427}.Release|Any CPU.ActiveCfg = Release|Any CPU
		{64500620-46D3-4822-A735-1A9C8382E427}.Release|Any CPU.Build.0 = Release|Any CPU
		{A3957CFD-30F4-44AB-943F-90058D637660}.Debug|Any CPU.ActiveCfg = Debug|Any CPU
		{A3957CFD-30F4-44AB-943F-90058D637660}.Debug|Any CPU.Build.0 = Debug|Any CPU
		{A3957CFD-30F4-44AB-943F-90058D637660}.Release|Any CPU.ActiveCfg = Release|Any CPU
		{A3957CFD-30F4-44AB-943F-90058D637660}.Release|Any CPU.Build.0 = Release|Any CPU
	EndGlobalSection
	GlobalSection(SolutionProperties) = preSolution
		HideSolutionNode = FALSE
	EndGlobalSection
	GlobalSection(ExtensibilityGlobals) = postSolution
		SolutionGuid = {73AD73BA-016D-432B-82B8-7191AE1D2015}
	EndGlobalSection
EndGlobal
